Microsoft Visual Studio Solution File, Format Version 11.00
# Visual C# Express 2010
Project("{FAE04EC0-301F-11D3-BF4B-00C04F79EFBC}") = "Chomp", "Chomp.csproj", "{F31E65EC-2746-4FC8-B6FA-2F37B4DF2FE0}"
EndProject
Project("{54435603-DBB4-11D2-8724-00A0C9A8B90C}") = "ChompSetup", "..\ChompSetup\ChompSetup.vdproj", "{104DFEB7-1A36-4914-9E99-EBB2D6F8607E}"
EndProject
Global
	GlobalSection(SolutionConfigurationPlatforms) = preSolution
		Debug|Any CPU = Debug|Any CPU
		Release|Any CPU = Release|Any CPU
	EndGlobalSection
	GlobalSection(ProjectConfigurationPlatforms) = postSolution
		{F31E65EC-2746-4FC8-B6FA-2F37B4DF2FE0}.Debug|Any CPU.ActiveCfg = Debug|Any CPU
		{F31E65EC-2746-4FC8-B6FA-2F37B4DF2FE0}.Debug|Any CPU.Build.0 = Debug|Any CPU
		{F31E65EC-2746-4FC8-B6FA-2F37B4DF2FE0}.Release|Any CPU.ActiveCfg = Release|Any CPU
		{F31E65EC-2746-4FC8-B6FA-2F37B4DF2FE0}.Release|Any CPU.Build.0 = Release|Any CPU
		{104DFEB7-1A36-4914-9E99-EBB2D6F8607E}.Debug|Any CPU.ActiveCfg = Debug
		{104DFEB7-1A36-4914-9E99-EBB2D6F8607E}.Release|Any CPU.ActiveCfg = Release
	EndGlobalSection
	GlobalSection(SolutionProperties) = preSolution
		HideSolutionNode = FALSE
	EndGlobalSection
EndGlobal
